{
  "version": 4,
  "terraform_version": "0.12.24",
  "serial": 181,
  "lineage": "ea112b5c-3678-efb4-d55d-16cda45eedf5",
  "outputs": {},
  "resources": [
    {
      "mode": "managed",
      "type": "aws_internet_gateway",
      "name": "gateway_id",
      "provider": "provider.aws",
      "instances": [
        {
          "schema_version": 0,
          "attributes": {
            "id": "igw-0793ca54e0fbbdffb",
            "owner_id": "135928476890",
            "tags": {
              "Name": "ENG54-Sara-terraform-ig"
            },
            "vpc_id": "vpc-0f4153b73e9ae533c"
          }
        }
      ]
    },
    {
      "mode": "managed",
      "type": "aws_vpc",
      "name": "app_vpc",
      "provider": "provider.aws",
      "instances": [
        {
          "schema_version": 1,
          "attributes": {
            "arn": "arn:aws:ec2:eu-west-1:135928476890:vpc/vpc-0f4153b73e9ae533c",
            "assign_generated_ipv6_cidr_block": false,
            "cidr_block": "10.0.0.0/16",
            "default_network_acl_id": "acl-0b8f00e5c9672e89a",
            "default_route_table_id": "rtb-0aedbf86dd611f33f",
            "default_security_group_id": "sg-00e700d8abef25a4b",
            "dhcp_options_id": "dopt-18d5d77d",
            "enable_classiclink": false,
            "enable_classiclink_dns_support": false,
            "enable_dns_hostnames": false,
            "enable_dns_support": true,
            "id": "vpc-0f4153b73e9ae533c",
            "instance_tenancy": "default",
            "ipv6_association_id": "",
            "ipv6_cidr_block": "",
            "main_route_table_id": "rtb-0aedbf86dd611f33f",
            "owner_id": "135928476890",
            "tags": {
              "Name": "ENG-54-ENG54-Sara-terraform-vpc"
            }
          },
          "private": "eyJzY2hlbWFfdmVyc2lvbiI6IjEifQ=="
        }
      ]
    }
  ]
}
